// !$*UTF8*$!
{
	archiveVersion = 1;
	classes = {
	};
	objectVersion = 56;
	objects = {

/* Begin PBXBuildFile section */
		FE66FF3E2BD97A0600D7D1E9 /* Rick_MortyWikipediaApp.swift in Sources */ = {isa = PBXBuildFile; fileRef = FE66FF3D2BD97A0600D7D1E9 /* Rick_MortyWikipediaApp.swift */; };
		FE66FF422BD97A0700D7D1E9 /* Assets.xcassets in Resources */ = {isa = PBXBuildFile; fileRef = FE66FF412BD97A0700D7D1E9 /* Assets.xcassets */; };
		FE66FF452BD97A0700D7D1E9 /* Preview Assets.xcassets in Resources */ = {isa = PBXBuildFile; fileRef = FE66FF442BD97A0700D7D1E9 /* Preview Assets.xcassets */; };
		FE66FF6B2BD97B8D00D7D1E9 /* WelcomeScreen.swift in Sources */ = {isa = PBXBuildFile; fileRef = FE66FF6A2BD97B8D00D7D1E9 /* WelcomeScreen.swift */; };
		FE66FF6D2BD9836700D7D1E9 /* MainScreen.swift in Sources */ = {isa = PBXBuildFile; fileRef = FE66FF6C2BD9836700D7D1E9 /* MainScreen.swift */; };
		FE66FF6F2BD988E300D7D1E9 /* Character.swift in Sources */ = {isa = PBXBuildFile; fileRef = FE66FF6E2BD988E300D7D1E9 /* Character.swift */; };
		FE66FF712BD989A700D7D1E9 /* CharacterController.swift in Sources */ = {isa = PBXBuildFile; fileRef = FE66FF702BD989A700D7D1E9 /* CharacterController.swift */; };
		FED24F562BDA8E5800CBEFAC /* CharacterControllerTests.swift in Sources */ = {isa = PBXBuildFile; fileRef = FED24F552BDA8E5800CBEFAC /* CharacterControllerTests.swift */; };
		FED24F582BDA925000CBEFAC /* ImageLoaderTests.swift in Sources */ = {isa = PBXBuildFile; fileRef = FED24F572BDA925000CBEFAC /* ImageLoaderTests.swift */; };
		FED24F5C2BDAAC8800CBEFAC /* KeyboardAwareModifier.swift in Sources */ = {isa = PBXBuildFile; fileRef = FED24F5B2BDAAC8800CBEFAC /* KeyboardAwareModifier.swift */; };
		FEF04B2D2BDA4427001B5747 /* ImageLoader.swift in Sources */ = {isa = PBXBuildFile; fileRef = FEF04B2C2BDA4427001B5747 /* ImageLoader.swift */; };
		FEF04B312BDA544D001B5747 /* CharacterDetailViewScreen.swift in Sources */ = {isa = PBXBuildFile; fileRef = FEF04B302BDA544D001B5747 /* CharacterDetailViewScreen.swift */; };
		FEF04B332BDA5DC4001B5747 /* DateUtils.swift in Sources */ = {isa = PBXBuildFile; fileRef = FEF04B322BDA5DC4001B5747 /* DateUtils.swift */; };
/* End PBXBuildFile section */

/* Begin PBXContainerItemProxy section */
		FE66FF4B2BD97A0700D7D1E9 /* PBXContainerItemProxy */ = {
			isa = PBXContainerItemProxy;
			containerPortal = FE66FF322BD97A0600D7D1E9 /* Project object */;
			proxyType = 1;
			remoteGlobalIDString = FE66FF392BD97A0600D7D1E9;
			remoteInfo = "Rick&MortyWikipedia";
		};
		FE66FF552BD97A0700D7D1E9 /* PBXContainerItemProxy */ = {
			isa = PBXContainerItemProxy;
			containerPortal = FE66FF322BD97A0600D7D1E9 /* Project object */;
			proxyType = 1;
			remoteGlobalIDString = FE66FF392BD97A0600D7D1E9;
			remoteInfo = "Rick&MortyWikipedia";
		};
/* End PBXContainerItemProxy section */

/* Begin PBXFileReference section */
		FE66FF3A2BD97A0600D7D1E9 /* Rick&MortyWikipedia.app */ = {isa = PBXFileReference; explicitFileType = wrapper.application; includeInIndex = 0; path = "Rick&MortyWikipedia.app"; sourceTree = BUILT_PRODUCTS_DIR; };
		FE66FF3D2BD97A0600D7D1E9 /* Rick_MortyWikipediaApp.swift */ = {isa = PBXFileReference; lastKnownFileType = sourcecode.swift; path = Rick_MortyWikipediaApp.swift; sourceTree = "<group>"; };
		FE66FF412BD97A0700D7D1E9 /* Assets.xcassets */ = {isa = PBXFileReference; lastKnownFileType = folder.assetcatalog; path = Assets.xcassets; sourceTree = "<group>"; };
		FE66FF442BD97A0700D7D1E9 /* Preview Assets.xcassets */ = {isa = PBXFileReference; lastKnownFileType = folder.assetcatalog; path = "Preview Assets.xcassets"; sourceTree = "<group>"; };
		FE66FF4A2BD97A0700D7D1E9 /* Rick&MortyWikipediaTests.xctest */ = {isa = PBXFileReference; explicitFileType = wrapper.cfbundle; includeInIndex = 0; path = "Rick&MortyWikipediaTests.xctest"; sourceTree = BUILT_PRODUCTS_DIR; };
		FE66FF542BD97A0700D7D1E9 /* Rick&MortyWikipediaUITests.xctest */ = {isa = PBXFileReference; explicitFileType = wrapper.cfbundle; includeInIndex = 0; path = "Rick&MortyWikipediaUITests.xctest"; sourceTree = BUILT_PRODUCTS_DIR; };
		FE66FF6A2BD97B8D00D7D1E9 /* WelcomeScreen.swift */ = {isa = PBXFileReference; lastKnownFileType = sourcecode.swift; path = WelcomeScreen.swift; sourceTree = "<group>"; };
		FE66FF6C2BD9836700D7D1E9 /* MainScreen.swift */ = {isa = PBXFileReference; lastKnownFileType = sourcecode.swift; path = MainScreen.swift; sourceTree = "<group>"; };
		FE66FF6E2BD988E300D7D1E9 /* Character.swift */ = {isa = PBXFileReference; lastKnownFileType = sourcecode.swift; path = Character.swift; sourceTree = "<group>"; };
		FE66FF702BD989A700D7D1E9 /* CharacterController.swift */ = {isa = PBXFileReference; lastKnownFileType = sourcecode.swift; path = CharacterController.swift; sourceTree = "<group>"; };
		FED24F552BDA8E5800CBEFAC /* CharacterControllerTests.swift */ = {isa = PBXFileReference; lastKnownFileType = sourcecode.swift; path = CharacterControllerTests.swift; sourceTree = "<group>"; };
		FED24F572BDA925000CBEFAC /* ImageLoaderTests.swift */ = {isa = PBXFileReference; lastKnownFileType = sourcecode.swift; path = ImageLoaderTests.swift; sourceTree = "<group>"; };
		FED24F5B2BDAAC8800CBEFAC /* KeyboardAwareModifier.swift */ = {isa = PBXFileReference; lastKnownFileType = sourcecode.swift; path = KeyboardAwareModifier.swift; sourceTree = "<group>"; };
		FEF04B2C2BDA4427001B5747 /* ImageLoader.swift */ = {isa = PBXFileReference; lastKnownFileType = sourcecode.swift; path = ImageLoader.swift; sourceTree = "<group>"; };
		FEF04B302BDA544D001B5747 /* CharacterDetailViewScreen.swift */ = {isa = PBXFileReference; lastKnownFileType = sourcecode.swift; path = CharacterDetailViewScreen.swift; sourceTree = "<group>"; };
		FEF04B322BDA5DC4001B5747 /* DateUtils.swift */ = {isa = PBXFileReference; lastKnownFileType = sourcecode.swift; path = DateUtils.swift; sourceTree = "<group>"; };
/* End PBXFileReference section */

/* Begin PBXFrameworksBuildPhase section */
		FE66FF372BD97A0600D7D1E9 /* Frameworks */ = {
			isa = PBXFrameworksBuildPhase;
			buildActionMask = 2147483647;
			files = (
			);
			runOnlyForDeploymentPostprocessing = 0;
		};
		FE66FF472BD97A0700D7D1E9 /* Frameworks */ = {
			isa = PBXFrameworksBuildPhase;
			buildActionMask = 2147483647;
			files = (
			);
			runOnlyForDeploymentPostprocessing = 0;
		};
		FE66FF512BD97A0700D7D1E9 /* Frameworks */ = {
			isa = PBXFrameworksBuildPhase;
			buildActionMask = 2147483647;
			files = (
			);
			runOnlyForDeploymentPostprocessing = 0;
		};
/* End PBXFrameworksBuildPhase section */

/* Begin PBXGroup section */
		FE66FF312BD97A0600D7D1E9 = {
			isa = PBXGroup;
			children = (
				FE66FF3C2BD97A0600D7D1E9 /* Rick&MortyWikipedia */,
				FE66FF4D2BD97A0700D7D1E9 /* Rick&MortyWikipediaTests */,
				FE66FF3B2BD97A0600D7D1E9 /* Products */,
			);
			sourceTree = "<group>";
		};
		FE66FF3B2BD97A0600D7D1E9 /* Products */ = {
			isa = PBXGroup;
			children = (
				FE66FF3A2BD97A0600D7D1E9 /* Rick&MortyWikipedia.app */,
				FE66FF4A2BD97A0700D7D1E9 /* Rick&MortyWikipediaTests.xctest */,
				FE66FF542BD97A0700D7D1E9 /* Rick&MortyWikipediaUITests.xctest */,
			);
			name = Products;
			sourceTree = "<group>";
		};
		FE66FF3C2BD97A0600D7D1E9 /* Rick&MortyWikipedia */ = {
			isa = PBXGroup;
			children = (
				FE66FF692BD97A9F00D7D1E9 /* Controller */,
				FE66FF682BD97A9B00D7D1E9 /* View */,
				FE66FF672BD97A9400D7D1E9 /* Model */,
				FE66FF3D2BD97A0600D7D1E9 /* Rick_MortyWikipediaApp.swift */,
				FE66FF412BD97A0700D7D1E9 /* Assets.xcassets */,
				FE66FF432BD97A0700D7D1E9 /* Preview Content */,
			);
			path = "Rick&MortyWikipedia";
			sourceTree = "<group>";
		};
		FE66FF432BD97A0700D7D1E9 /* Preview Content */ = {
			isa = PBXGroup;
			children = (
				FE66FF442BD97A0700D7D1E9 /* Preview Assets.xcassets */,
			);
			path = "Preview Content";
			sourceTree = "<group>";
		};
		FE66FF4D2BD97A0700D7D1E9 /* Rick&MortyWikipediaTests */ = {
			isa = PBXGroup;
			children = (
				FED24F552BDA8E5800CBEFAC /* CharacterControllerTests.swift */,
				FED24F572BDA925000CBEFAC /* ImageLoaderTests.swift */,
			);
			path = "Rick&MortyWikipediaTests";
			sourceTree = "<group>";
		};
		FE66FF672BD97A9400D7D1E9 /* Model */ = {
			isa = PBXGroup;
			children = (
				FE66FF6E2BD988E300D7D1E9 /* Character.swift */,
			);
			path = Model;
			sourceTree = "<group>";
		};
		FE66FF682BD97A9B00D7D1E9 /* View */ = {
			isa = PBXGroup;
			children = (
				FED24F5B2BDAAC8800CBEFAC /* KeyboardAwareModifier.swift */,
				FE66FF6A2BD97B8D00D7D1E9 /* WelcomeScreen.swift */,
				FE66FF6C2BD9836700D7D1E9 /* MainScreen.swift */,
				FEF04B302BDA544D001B5747 /* CharacterDetailViewScreen.swift */,
			);
			path = View;
			sourceTree = "<group>";
		};
		FE66FF692BD97A9F00D7D1E9 /* Controller */ = {
			isa = PBXGroup;
			children = (
				FE66FF702BD989A700D7D1E9 /* CharacterController.swift */,
				FEF04B2C2BDA4427001B5747 /* ImageLoader.swift */,
				FEF04B322BDA5DC4001B5747 /* DateUtils.swift */,
			);
			path = Controller;
			sourceTree = "<group>";
		};
/* End PBXGroup section */

/* Begin PBXNativeTarget section */
		FE66FF392BD97A0600D7D1E9 /* Rick&MortyWikipedia */ = {
			isa = PBXNativeTarget;
			buildConfigurationList = FE66FF5E2BD97A0700D7D1E9 /* Build configuration list for PBXNativeTarget "Rick&MortyWikipedia" */;
			buildPhases = (
				FE66FF362BD97A0600D7D1E9 /* Sources */,
				FE66FF372BD97A0600D7D1E9 /* Frameworks */,
				FE66FF382BD97A0600D7D1E9 /* Resources */,
			);
			buildRules = (
			);
			dependencies = (
			);
			name = "Rick&MortyWikipedia";
			productName = "Rick&MortyWikipedia";
			productReference = FE66FF3A2BD97A0600D7D1E9 /* Rick&MortyWikipedia.app */;
			productType = "com.apple.product-type.application";
		};
		FE66FF492BD97A0700D7D1E9 /* Rick&MortyWikipediaTests */ = {
			isa = PBXNativeTarget;
			buildConfigurationList = FE66FF612BD97A0700D7D1E9 /* Build configuration list for PBXNativeTarget "Rick&MortyWikipediaTests" */;
			buildPhases = (
				FE66FF462BD97A0700D7D1E9 /* Sources */,
				FE66FF472BD97A0700D7D1E9 /* Frameworks */,
				FE66FF482BD97A0700D7D1E9 /* Resources */,
			);
			buildRules = (
			);
			dependencies = (
				FE66FF4C2BD97A0700D7D1E9 /* PBXTargetDependency */,
			);
			name = "Rick&MortyWikipediaTests";
			productName = "Rick&MortyWikipediaTests";
			productReference = FE66FF4A2BD97A0700D7D1E9 /* Rick&MortyWikipediaTests.xctest */;
			productType = "com.apple.product-type.bundle.unit-test";
		};
		FE66FF532BD97A0700D7D1E9 /* Rick&MortyWikipediaUITests */ = {
			isa = PBXNativeTarget;
			buildConfigurationList = FE66FF642BD97A0700D7D1E9 /* Build configuration list for PBXNativeTarget "Rick&MortyWikipediaUITests" */;
			buildPhases = (
				FE66FF502BD97A0700D7D1E9 /* Sources */,
				FE66FF512BD97A0700D7D1E9 /* Frameworks */,
				FE66FF522BD97A0700D7D1E9 /* Resources */,
			);
			buildRules = (
			);
			dependencies = (
				FE66FF562BD97A0700D7D1E9 /* PBXTargetDependency */,
			);
			name = "Rick&MortyWikipediaUITests";
			productName = "Rick&MortyWikipediaUITests";
			productReference = FE66FF542BD97A0700D7D1E9 /* Rick&MortyWikipediaUITests.xctest */;
			productType = "com.apple.product-type.bundle.ui-testing";
		};
/* End PBXNativeTarget section */

/* Begin PBXProject section */
		FE66FF322BD97A0600D7D1E9 /* Project object */ = {
			isa = PBXProject;
			attributes = {
				BuildIndependentTargetsInParallel = 1;
				LastSwiftUpdateCheck = 1520;
				LastUpgradeCheck = 1520;
				TargetAttributes = {
					FE66FF392BD97A0600D7D1E9 = {
						CreatedOnToolsVersion = 15.2;
					};
					FE66FF492BD97A0700D7D1E9 = {
						CreatedOnToolsVersion = 15.2;
						TestTargetID = FE66FF392BD97A0600D7D1E9;
					};
					FE66FF532BD97A0700D7D1E9 = {
						CreatedOnToolsVersion = 15.2;
						TestTargetID = FE66FF392BD97A0600D7D1E9;
					};
				};
			};
			buildConfigurationList = FE66FF352BD97A0600D7D1E9 /* Build configuration list for PBXProject "Rick&MortyWikipedia" */;
			compatibilityVersion = "Xcode 14.0";
			developmentRegion = en;
			hasScannedForEncodings = 0;
			knownRegions = (
				en,
				Base,
			);
			mainGroup = FE66FF312BD97A0600D7D1E9;
			productRefGroup = FE66FF3B2BD97A0600D7D1E9 /* Products */;
			projectDirPath = "";
			projectRoot = "";
			targets = (
				FE66FF392BD97A0600D7D1E9 /* Rick&MortyWikipedia */,
				FE66FF492BD97A0700D7D1E9 /* Rick&MortyWikipediaTests */,
				FE66FF532BD97A0700D7D1E9 /* Rick&MortyWikipediaUITests */,
			);
		};
/* End PBXProject section */

/* Begin PBXResourcesBuildPhase section */
		FE66FF382BD97A0600D7D1E9 /* Resources */ = {
			isa = PBXResourcesBuildPhase;
			buildActionMask = 2147483647;
			files = (
				FE66FF452BD97A0700D7D1E9 /* Preview Assets.xcassets in Resources */,
				FE66FF422BD97A0700D7D1E9 /* Assets.xcassets in Resources */,
			);
			runOnlyForDeploymentPostprocessing = 0;
		};
		FE66FF482BD97A0700D7D1E9 /* Resources */ = {
			isa = PBXResourcesBuildPhase;
			buildActionMask = 2147483647;
			files = (
			);
			runOnlyForDeploymentPostprocessing = 0;
		};
		FE66FF522BD97A0700D7D1E9 /* Resources */ = {
			isa = PBXResourcesBuildPhase;
			buildActionMask = 2147483647;
			files = (
			);
			runOnlyForDeploymentPostprocessing = 0;
		};
/* End PBXResourcesBuildPhase section */

/* Begin PBXSourcesBuildPhase section */
		FE66FF362BD97A0600D7D1E9 /* Sources */ = {
			isa = PBXSourcesBuildPhase;
			buildActionMask = 2147483647;
			files = (
				FEF04B332BDA5DC4001B5747 /* DateUtils.swift in Sources */,
				FED24F5C2BDAAC8800CBEFAC /* KeyboardAwareModifier.swift in Sources */,
				FE66FF6D2BD9836700D7D1E9 /* MainScreen.swift in Sources */,
				FE66FF6B2BD97B8D00D7D1E9 /* WelcomeScreen.swift in Sources */,
				FE66FF712BD989A700D7D1E9 /* CharacterController.swift in Sources */,
				FEF04B2D2BDA4427001B5747 /* ImageLoader.swift in Sources */,
				FE66FF3E2BD97A0600D7D1E9 /* Rick_MortyWikipediaApp.swift in Sources */,
				FEF04B312BDA544D001B5747 /* CharacterDetailViewScreen.swift in Sources */,
				FE66FF6F2BD988E300D7D1E9 /* Character.swift in Sources */,
			);
			runOnlyForDeploymentPostprocessing = 0;
		};
		FE66FF462BD97A0700D7D1E9 /* Sources */ = {
			isa = PBXSourcesBuildPhase;
			buildActionMask = 2147483647;
			files = (
				FED24F562BDA8E5800CBEFAC /* CharacterControllerTests.swift in Sources */,
				FED24F582BDA925000CBEFAC /* ImageLoaderTests.swift in Sources */,
			);
			runOnlyForDeploymentPostprocessing = 0;
		};
		FE66FF502BD97A0700D7D1E9 /* Sources */ = {
			isa = PBXSourcesBuildPhase;
			buildActionMask = 2147483647;
			files = (
			);
			runOnlyForDeploymentPostprocessing = 0;
		};
/* End PBXSourcesBuildPhase section */

/* Begin PBXTargetDependency section */
		FE66FF4C2BD97A0700D7D1E9 /* PBXTargetDependency */ = {
			isa = PBXTargetDependency;
			target = FE66FF392BD97A0600D7D1E9 /* Rick&MortyWikipedia */;
			targetProxy = FE66FF4B2BD97A0700D7D1E9 /* PBXContainerItemProxy */;
		};
		FE66FF562BD97A0700D7D1E9 /* PBXTargetDependency */ = {
			isa = PBXTargetDependency;
			target = FE66FF392BD97A0600D7D1E9 /* Rick&MortyWikipedia */;
			targetProxy = FE66FF552BD97A0700D7D1E9 /* PBXContainerItemProxy */;
		};
/* End PBXTargetDependency section */

/* Begin XCBuildConfiguration section */
		FE66FF5C2BD97A0700D7D1E9 /* Debug */ = {
			isa = XCBuildConfiguration;
			buildSettings = {
				ALWAYS_SEARCH_USER_PATHS = NO;
				ASSETCATALOG_COMPILER_GENERATE_SWIFT_ASSET_SYMBOL_EXTENSIONS = YES;
				CLANG_ANALYZER_NONNULL = YES;
				CLANG_ANALYZER_NUMBER_OBJECT_CONVERSION = YES_AGGRESSIVE;
				CLANG_CXX_LANGUAGE_STANDARD = "gnu++20";
				CLANG_ENABLE_MODULES = YES;
				CLANG_ENABLE_OBJC_ARC = YES;
				CLANG_ENABLE_OBJC_WEAK = YES;
				CLANG_WARN_BLOCK_CAPTURE_AUTORELEASING = YES;
				CLANG_WARN_BOOL_CONVERSION = YES;
				CLANG_WARN_COMMA = YES;
				CLANG_WARN_CONSTANT_CONVERSION = YES;
				CLANG_WARN_DEPRECATED_OBJC_IMPLEMENTATIONS = YES;
				CLANG_WARN_DIRECT_OBJC_ISA_USAGE = YES_ERROR;
				CLANG_WARN_DOCUMENTATION_COMMENTS = YES;
				CLANG_WARN_EMPTY_BODY = YES;
				CLANG_WARN_ENUM_CONVERSION = YES;
				CLANG_WARN_INFINITE_RECURSION = YES;
				CLANG_WARN_INT_CONVERSION = YES;
				CLANG_WARN_NON_LITERAL_NULL_CONVERSION = YES;
				CLANG_WARN_OBJC_IMPLICIT_RETAIN_SELF = YES;
				CLANG_WARN_OBJC_LITERAL_CONVERSION = YES;
				CLANG_WARN_OBJC_ROOT_CLASS = YES_ERROR;
				CLANG_WARN_QUOTED_INCLUDE_IN_FRAMEWORK_HEADER = YES;
				CLANG_WARN_RANGE_LOOP_ANALYSIS = YES;
				CLANG_WARN_STRICT_PROTOTYPES = YES;
				CLANG_WARN_SUSPICIOUS_MOVE = YES;
				CLANG_WARN_UNGUARDED_AVAILABILITY = YES_AGGRESSIVE;
				CLANG_WARN_UNREACHABLE_CODE = YES;
				CLANG_WARN__DUPLICATE_METHOD_MATCH = YES;
				COPY_PHASE_STRIP = NO;
				DEBUG_INFORMATION_FORMAT = dwarf;
				ENABLE_STRICT_OBJC_MSGSEND = YES;
				ENABLE_TESTABILITY = YES;
				ENABLE_USER_SCRIPT_SANDBOXING = YES;
				GCC_C_LANGUAGE_STANDARD = gnu17;
				GCC_DYNAMIC_NO_PIC = NO;
				GCC_NO_COMMON_BLOCKS = YES;
				GCC_OPTIMIZATION_LEVEL = 0;
				GCC_PREPROCESSOR_DEFINITIONS = (
					"DEBUG=1",
					"$(inherited)",
				);
				GCC_WARN_64_TO_32_BIT_CONVERSION = YES;
				GCC_WARN_ABOUT_RETURN_TYPE = YES_ERROR;
				GCC_WARN_UNDECLARED_SELECTOR = YES;
				GCC_WARN_UNINITIALIZED_AUTOS = YES_AGGRESSIVE;
				GCC_WARN_UNUSED_FUNCTION = YES;
				GCC_WARN_UNUSED_VARIABLE = YES;
				IPHONEOS_DEPLOYMENT_TARGET = 17.2;
				LOCALIZATION_PREFERS_STRING_CATALOGS = YES;
				MTL_ENABLE_DEBUG_INFO = INCLUDE_SOURCE;
				MTL_FAST_MATH = YES;
				ONLY_ACTIVE_ARCH = YES;
				SDKROOT = iphoneos;
				SWIFT_ACTIVE_COMPILATION_CONDITIONS = "DEBUG $(inherited)";
				SWIFT_OPTIMIZATION_LEVEL = "-Onone";
			};
			name = Debug;
		};
		FE66FF5D2BD97A0700D7D1E9 /* Release */ = {
			isa = XCBuildConfiguration;
			buildSettings = {
				ALWAYS_SEARCH_USER_PATHS = NO;
				ASSETCATALOG_COMPILER_GENERATE_SWIFT_ASSET_SYMBOL_EXTENSIONS = YES;
				CLANG_ANALYZER_NONNULL = YES;
				CLANG_ANALYZER_NUMBER_OBJECT_CONVERSION = YES_AGGRESSIVE;
				CLANG_CXX_LANGUAGE_STANDARD = "gnu++20";
				CLANG_ENABLE_MODULES = YES;
				CLANG_ENABLE_OBJC_ARC = YES;
				CLANG_ENABLE_OBJC_WEAK = YES;
				CLANG_WARN_BLOCK_CAPTURE_AUTORELEASING = YES;
				CLANG_WARN_BOOL_CONVERSION = YES;
				CLANG_WARN_COMMA = YES;
				CLANG_WARN_CONSTANT_CONVERSION = YES;
				CLANG_WARN_DEPRECATED_OBJC_IMPLEMENTATIONS = YES;
				CLANG_WARN_DIRECT_OBJC_ISA_USAGE = YES_ERROR;
				CLANG_WARN_DOCUMENTATION_COMMENTS = YES;
				CLANG_WARN_EMPTY_BODY = YES;
				CLANG_WARN_ENUM_CONVERSION = YES;
				CLANG_WARN_INFINITE_RECURSION = YES;
				CLANG_WARN_INT_CONVERSION = YES;
				CLANG_WARN_NON_LITERAL_NULL_CONVERSION = YES;
				CLANG_WARN_OBJC_IMPLICIT_RETAIN_SELF = YES;
				CLANG_WARN_OBJC_LITERAL_CONVERSION = YES;
				CLANG_WARN_OBJC_ROOT_CLASS = YES_ERROR;
				CLANG_WARN_QUOTED_INCLUDE_IN_FRAMEWORK_HEADER = YES;
				CLANG_WARN_RANGE_LOOP_ANALYSIS = YES;
				CLANG_WARN_STRICT_PROTOTYPES = YES;
				CLANG_WARN_SUSPICIOUS_MOVE = YES;
				CLANG_WARN_UNGUARDED_AVAILABILITY = YES_AGGRESSIVE;
				CLANG_WARN_UNREACHABLE_CODE = YES;
				CLANG_WARN__DUPLICATE_METHOD_MATCH = YES;
				COPY_PHASE_STRIP = NO;
				DEBUG_INFORMATION_FORMAT = "dwarf-with-dsym";
				ENABLE_NS_ASSERTIONS = NO;
				ENABLE_STRICT_OBJC_MSGSEND = YES;
				ENABLE_USER_SCRIPT_SANDBOXING = YES;
				GCC_C_LANGUAGE_STANDARD = gnu17;
				GCC_NO_COMMON_BLOCKS = YES;
				GCC_WARN_64_TO_32_BIT_CONVERSION = YES;
				GCC_WARN_ABOUT_RETURN_TYPE = YES_ERROR;
				GCC_WARN_UNDECLARED_SELECTOR = YES;
				GCC_WARN_UNINITIALIZED_AUTOS = YES_AGGRESSIVE;
				GCC_WARN_UNUSED_FUNCTION = YES;
				GCC_WARN_UNUSED_VARIABLE = YES;
				IPHONEOS_DEPLOYMENT_TARGET = 17.2;
				LOCALIZATION_PREFERS_STRING_CATALOGS = YES;
				MTL_ENABLE_DEBUG_INFO = NO;
				MTL_FAST_MATH = YES;
				SDKROOT = iphoneos;
				SWIFT_COMPILATION_MODE = wholemodule;
				VALIDATE_PRODUCT = YES;
			};
			name = Release;
		};
		FE66FF5F2BD97A0700D7D1E9 /* Debug */ = {
			isa = XCBuildConfiguration;
			buildSettings = {
				ASSETCATALOG_COMPILER_APPICON_NAME = AppIcon;
				ASSETCATALOG_COMPILER_GLOBAL_ACCENT_COLOR_NAME = AccentColor;
				CODE_SIGN_STYLE = Automatic;
				CURRENT_PROJECT_VERSION = 1;
				DEVELOPMENT_ASSET_PATHS = "\"Rick&MortyWikipedia/Preview Content\"";
				DEVELOPMENT_TEAM = 9Y37S332F7;
				ENABLE_PREVIEWS = YES;
				GENERATE_INFOPLIST_FILE = YES;
				INFOPLIST_KEY_CFBundleDisplayName = "Rick & Morty Wiki";
				INFOPLIST_KEY_UIApplicationSceneManifest_Generation = YES;
				INFOPLIST_KEY_UIApplicationSupportsIndirectInputEvents = YES;
				INFOPLIST_KEY_UILaunchScreen_Generation = YES;
				INFOPLIST_KEY_UISupportedInterfaceOrientations = "UIInterfaceOrientationPortrait UIInterfaceOrientationPortraitUpsideDown";
				LD_RUNPATH_SEARCH_PATHS = (
					"$(inherited)",
					"@executable_path/Frameworks",
				);
				MARKETING_VERSION = 1.0;
				PRODUCT_BUNDLE_IDENTIFIER = "Lontyle-Games.Rick-MortyWikipedia";
				PRODUCT_NAME = "$(TARGET_NAME)";
				SUPPORTED_PLATFORMS = "iphoneos iphonesimulator";
				SUPPORTS_MACCATALYST = NO;
				SUPPORTS_XR_DESIGNED_FOR_IPHONE_IPAD = NO;
				SWIFT_EMIT_LOC_STRINGS = YES;
				SWIFT_VERSION = 5.0;
				TARGETED_DEVICE_FAMILY = "1,2";
			};
			name = Debug;
		};
		FE66FF602BD97A0700D7D1E9 /* Release */ = {
			isa = XCBuildConfiguration;
			buildSettings = {
				ASSETCATALOG_COMPILER_APPICON_NAME = AppIcon;
				ASSETCATALOG_COMPILER_GLOBAL_ACCENT_COLOR_NAME = AccentColor;
				CODE_SIGN_STYLE = Automatic;
				CURRENT_PROJECT_VERSION = 1;
				DEVELOPMENT_ASSET_PATHS = "\"Rick&MortyWikipedia/Preview Content\"";
				DEVELOPMENT_TEAM = 9Y37S332F7;
				ENABLE_PREVIEWS = YES;
				GENERATE_INFOPLIST_FILE = YES;
				INFOPLIST_KEY_CFBundleDisplayName = "Rick & Morty Wiki";
				INFOPLIST_KEY_UIApplicationSceneManifest_Generation = YES;
				INFOPLIST_KEY_UIApplicationSupportsIndirectInputEvents = YES;
				INFOPLIST_KEY_UILaunchScreen_Generation = YES;
				INFOPLIST_KEY_UISupportedInterfaceOrientations = "UIInterfaceOrientationPortrait UIInterfaceOrientationPortraitUpsideDown";
				LD_RUNPATH_SEARCH_PATHS = (
					"$(inherited)",
					"@executable_path/Frameworks",
				);
				MARKETING_VERSION = 1.0;
				PRODUCT_BUNDLE_IDENTIFIER = "Lontyle-Games.Rick-MortyWikipedia";
				PRODUCT_NAME = "$(TARGET_NAME)";
				SUPPORTED_PLATFORMS = "iphoneos iphonesimulator";
				SUPPORTS_MACCATALYST = NO;
				SUPPORTS_XR_DESIGNED_FOR_IPHONE_IPAD = NO;
				SWIFT_EMIT_LOC_STRINGS = YES;
				SWIFT_VERSION = 5.0;
				TARGETED_DEVICE_FAMILY = "1,2";
			};
			name = Release;
		};
		FE66FF622BD97A0700D7D1E9 /* Debug */ = {
			isa = XCBuildConfiguration;
			buildSettings = {
				ALWAYS_EMBED_SWIFT_STANDARD_LIBRARIES = YES;
				BUNDLE_LOADER = "$(TEST_HOST)";
				CODE_SIGN_STYLE = Automatic;
				CURRENT_PROJECT_VERSION = 1;
				DEVELOPMENT_TEAM = 9Y37S332F7;
				GENERATE_INFOPLIST_FILE = YES;
				IPHONEOS_DEPLOYMENT_TARGET = 17.2;
				MARKETING_VERSION = 1.0;
				PRODUCT_BUNDLE_IDENTIFIER = "Lontyle-Games.Rick-MortyWikipediaTests";
				PRODUCT_NAME = "$(TARGET_NAME)";
				SWIFT_EMIT_LOC_STRINGS = NO;
				SWIFT_VERSION = 5.0;
				TARGETED_DEVICE_FAMILY = "1,2";
				TEST_HOST = "$(BUILT_PRODUCTS_DIR)/Rick&MortyWikipedia.app/$(BUNDLE_EXECUTABLE_FOLDER_PATH)/Rick&MortyWikipedia";
			};
			name = Debug;
		};
		FE66FF632BD97A0700D7D1E9 /* Release */ = {
			isa = XCBuildConfiguration;
			buildSettings = {
				ALWAYS_EMBED_SWIFT_STANDARD_LIBRARIES = YES;
				BUNDLE_LOADER = "$(TEST_HOST)";
				CODE_SIGN_STYLE = Automatic;
				CURRENT_PROJECT_VERSION = 1;
				DEVELOPMENT_TEAM = 9Y37S332F7;
				GENERATE_INFOPLIST_FILE = YES;
				IPHONEOS_DEPLOYMENT_TARGET = 17.2;
				MARKETING_VERSION = 1.0;
				PRODUCT_BUNDLE_IDENTIFIER = "Lontyle-Games.Rick-MortyWikipediaTests";
				PRODUCT_NAME = "$(TARGET_NAME)";
				SWIFT_EMIT_LOC_STRINGS = NO;
				SWIFT_VERSION = 5.0;
				TARGETED_DEVICE_FAMILY = "1,2";
				TEST_HOST = "$(BUILT_PRODUCTS_DIR)/Rick&MortyWikipedia.app/$(BUNDLE_EXECUTABLE_FOLDER_PATH)/Rick&MortyWikipedia";
			};
			name = Release;
		};
		FE66FF652BD97A0700D7D1E9 /* Debug */ = {
			isa = XCBuildConfiguration;
			buildSettings = {
				ALWAYS_EMBED_SWIFT_STANDARD_LIBRARIES = YES;
				CODE_SIGN_STYLE = Automatic;
				CURRENT_PROJECT_VERSION = 1;
				DEVELOPMENT_TEAM = 9Y37S332F7;
				GENERATE_INFOPLIST_FILE = YES;
				MARKETING_VERSION = 1.0;
				PRODUCT_BUNDLE_IDENTIFIER = "Lontyle-Games.Rick-MortyWikipediaUITests";
				PRODUCT_NAME = "$(TARGET_NAME)";
				SWIFT_EMIT_LOC_STRINGS = NO;
				SWIFT_VERSION = 5.0;
				TARGETED_DEVICE_FAMILY = "1,2";
				TEST_TARGET_NAME = "Rick&MortyWikipedia";
			};
			name = Debug;
		};
		FE66FF662BD97A0700D7D1E9 /* Release */ = {
			isa = XCBuildConfiguration;
			buildSettings = {
				ALWAYS_EMBED_SWIFT_STANDARD_LIBRARIES = YES;
				CODE_SIGN_STYLE = Automatic;
				CURRENT_PROJECT_VERSION = 1;
				DEVELOPMENT_TEAM = 9Y37S332F7;
				GENERATE_INFOPLIST_FILE = YES;
				MARKETING_VERSION = 1.0;
				PRODUCT_BUNDLE_IDENTIFIER = "Lontyle-Games.Rick-MortyWikipediaUITests";
				PRODUCT_NAME = "$(TARGET_NAME)";
				SWIFT_EMIT_LOC_STRINGS = NO;
				SWIFT_VERSION = 5.0;
				TARGETED_DEVICE_FAMILY = "1,2";
				TEST_TARGET_NAME = "Rick&MortyWikipedia";
			};
			name = Release;
		};
/* End XCBuildConfiguration section */

/* Begin XCConfigurationList section */
		FE66FF352BD97A0600D7D1E9 /* Build configuration list for PBXProject "Rick&MortyWikipedia" */ = {
			isa = XCConfigurationList;
			buildConfigurations = (
				FE66FF5C2BD97A0700D7D1E9 /* Debug */,
				FE66FF5D2BD97A0700D7D1E9 /* Release */,
			);
			defaultConfigurationIsVisible = 0;
			defaultConfigurationName = Release;
		};
		FE66FF5E2BD97A0700D7D1E9 /* Build configuration list for PBXNativeTarget "Rick&MortyWikipedia" */ = {
			isa = XCConfigurationList;
			buildConfigurations = (
				FE66FF5F2BD97A0700D7D1E9 /* Debug */,
				FE66FF602BD97A0700D7D1E9 /* Release */,
			);
			defaultConfigurationIsVisible = 0;
			defaultConfigurationName = Release;
		};
		FE66FF612BD97A0700D7D1E9 /* Build configuration list for PBXNativeTarget "Rick&MortyWikipediaTests" */ = {
			isa = XCConfigurationList;
			buildConfigurations = (
				FE66FF622BD97A0700D7D1E9 /* Debug */,
				FE66FF632BD97A0700D7D1E9 /* Release */,
			);
			defaultConfigurationIsVisible = 0;
			defaultConfigurationName = Release;
		};
		FE66FF642BD97A0700D7D1E9 /* Build configuration list for PBXNativeTarget "Rick&MortyWikipediaUITests" */ = {
			isa = XCConfigurationList;
			buildConfigurations = (
				FE66FF652BD97A0700D7D1E9 /* Debug */,
				FE66FF662BD97A0700D7D1E9 /* Release */,
			);
			defaultConfigurationIsVisible = 0;
			defaultConfigurationName = Release;
		};
/* End XCConfigurationList section */
	};
	rootObject = FE66FF322BD97A0600D7D1E9 /* Project object */;
}
